
Microsoft Visual Studio Solution File, Format Version 12.00
# Visual Studio Version 17
VisualStudioVersion = 17.3.32825.248
MinimumVisualStudioVersion = 10.0.40219.1
Project("{FAE04EC0-301F-11D3-BF4B-00C04F79EFBC}") = "MYTest", "MYTest\MYTest.csproj", "{36D9F42D-4637-495F-AE67-75261D6CC17E}"
EndProject
Project("{FAE04EC0-301F-11D3-BF4B-00C04F79EFBC}") = "MYTest.Data", "MYTest.Data\MYTest.Data.csproj", "{417F27E9-8676-4FC8-AB90-9FB3AB788A18}"
EndProject
Global
	GlobalSection(SolutionConfigurationPlatforms) = preSolution
		Debug|Any CPU = Debug|Any CPU
		Release|Any CPU = Release|Any CPU
	EndGlobalSection
	GlobalSection(ProjectConfigurationPlatforms) = postSolution
		{36D9F42D-4637-495F-AE67-75261D6CC17E}.Debug|Any CPU.ActiveCfg = Debug|Any CPU
		{36D9F42D-4637-495F-AE67-75261D6CC17E}.Debug|Any CPU.Build.0 = Debug|Any CPU
		{36D9F42D-4637-495F-AE67-75261D6CC17E}.Release|Any CPU.ActiveCfg = Release|Any CPU
		{36D9F42D-4637-495F-AE67-75261D6CC17E}.Release|Any CPU.Build.0 = Release|Any CPU
		{417F27E9-8676-4FC8-AB90-9FB3AB788A18}.Debug|Any CPU.ActiveCfg = Debug|Any CPU
		{417F27E9-8676-4FC8-AB90-9FB3AB788A18}.Debug|Any CPU.Build.0 = Debug|Any CPU
		{417F27E9-8676-4FC8-AB90-9FB3AB788A18}.Release|Any CPU.ActiveCfg = Release|Any CPU
		{417F27E9-8676-4FC8-AB90-9FB3AB788A18}.Release|Any CPU.Build.0 = Release|Any CPU
	EndGlobalSection
	GlobalSection(SolutionProperties) = preSolution
		HideSolutionNode = FALSE
	EndGlobalSection
	GlobalSection(ExtensibilityGlobals) = postSolution
		SolutionGuid = {5765D5A2-3599-44E0-BD66-167E13DDA16A}
	EndGlobalSection
EndGlobal
